
Microsoft Visual Studio Solution File, Format Version 12.00
# Visual Studio Version 16
VisualStudioVersion = 16.0.29102.190
MinimumVisualStudioVersion = 10.0.40219.1
Project("{FAE04EC0-301F-11D3-BF4B-00C04F79EFBC}") = "ExTemplate", "ExTemplate\ExTemplate.csproj", "{2E354BAF-89C1-4E9E-9052-AF99CEDEAD07}"
EndProject
Project("{FAE04EC0-301F-11D3-BF4B-00C04F79EFBC}") = "InterfaceConsole", "InterfaceConsole\InterfaceConsole.csproj", "{50EE7BCE-56DA-4FA7-A0D1-0B7BC5586406}"
EndProject
Global
	GlobalSection(SolutionConfigurationPlatforms) = preSolution
		Debug|Any CPU = Debug|Any CPU
		Release|Any CPU = Release|Any CPU
	EndGlobalSection
	GlobalSection(ProjectConfigurationPlatforms) = postSolution
		{2E354BAF-89C1-4E9E-9052-AF99CEDEAD07}.Debug|Any CPU.ActiveCfg = Debug|Any CPU
		{2E354BAF-89C1-4E9E-9052-AF99CEDEAD07}.Debug|Any CPU.Build.0 = Debug|Any CPU
		{2E354BAF-89C1-4E9E-9052-AF99CEDEAD07}.Release|Any CPU.ActiveCfg = Release|Any CPU
		{2E354BAF-89C1-4E9E-9052-AF99CEDEAD07}.Release|Any CPU.Build.0 = Release|Any CPU
		{50EE7BCE-56DA-4FA7-A0D1-0B7BC5586406}.Debug|Any CPU.ActiveCfg = Debug|Any CPU
		{50EE7BCE-56DA-4FA7-A0D1-0B7BC5586406}.Debug|Any CPU.Build.0 = Debug|Any CPU
		{50EE7BCE-56DA-4FA7-A0D1-0B7BC5586406}.Release|Any CPU.ActiveCfg = Release|Any CPU
		{50EE7BCE-56DA-4FA7-A0D1-0B7BC5586406}.Release|Any CPU.Build.0 = Release|Any CPU
	EndGlobalSection
	GlobalSection(SolutionProperties) = preSolution
		HideSolutionNode = FALSE
	EndGlobalSection
	GlobalSection(ExtensibilityGlobals) = postSolution
		SolutionGuid = {23BF1937-722E-4599-9ADE-722CD038AE31}
	EndGlobalSection
EndGlobal
